
Microsoft Visual Studio Solution File, Format Version 12.00
# Visual Studio Version 16
VisualStudioVersion = 16.0.29503.13
MinimumVisualStudioVersion = 10.0.40219.1
Project("{FAE04EC0-301F-11D3-BF4B-00C04F79EFBC}") = "TheTechAcademyDailyStudentReport", "TheTechAcademyDailyStudentReport\TheTechAcademyDailyStudentReport.csproj", "{C43C095B-B4BC-4DB0-8CC4-1926C65AC094}"
EndProject
Global
	GlobalSection(SolutionConfigurationPlatforms) = preSolution
		Debug|Any CPU = Debug|Any CPU
		Release|Any CPU = Release|Any CPU
	EndGlobalSection
	GlobalSection(ProjectConfigurationPlatforms) = postSolution
		{C43C095B-B4BC-4DB0-8CC4-1926C65AC094}.Debug|Any CPU.ActiveCfg = Debug|Any CPU
		{C43C095B-B4BC-4DB0-8CC4-1926C65AC094}.Debug|Any CPU.Build.0 = Debug|Any CPU
		{C43C095B-B4BC-4DB0-8CC4-1926C65AC094}.Release|Any CPU.ActiveCfg = Release|Any CPU
		{C43C095B-B4BC-4DB0-8CC4-1926C65AC094}.Release|Any CPU.Build.0 = Release|Any CPU
	EndGlobalSection
	GlobalSection(SolutionProperties) = preSolution
		HideSolutionNode = FALSE
	EndGlobalSection
	GlobalSection(ExtensibilityGlobals) = postSolution
		SolutionGuid = {E639B59A-D3F2-4328-B061-5E5A154F13AC}
	EndGlobalSection
EndGlobal
